
Microsoft Visual Studio Solution File, Format Version 12.00
# Visual Studio 15
VisualStudioVersion = 15.0.27428.1
MinimumVisualStudioVersion = 10.0.40219.1
Project("{FAE04EC0-301F-11D3-BF4B-00C04F79EFBC}") = "ContribeBooks", "ContribeBooks\ContribeBooks.csproj", "{777EEB00-82F1-4137-881E-DDA5F3D01484}"
EndProject
Project("{FAE04EC0-301F-11D3-BF4B-00C04F79EFBC}") = "WebBooks", "WebBooks\WebBooks.csproj", "{DD53BDA0-D0BD-4421-A374-689B1B3518ED}"
	ProjectSection(ProjectDependencies) = postProject
		{777EEB00-82F1-4137-881E-DDA5F3D01484} = {777EEB00-82F1-4137-881E-DDA5F3D01484}
	EndProjectSection
EndProject
Project("{FAE04EC0-301F-11D3-BF4B-00C04F79EFBC}") = "UnitTestBooks", "UnitTestBooks\UnitTestBooks.csproj", "{F1C4A634-A0DF-4937-B5C8-EE63DEB7BDD0}"
	ProjectSection(ProjectDependencies) = postProject
		{777EEB00-82F1-4137-881E-DDA5F3D01484} = {777EEB00-82F1-4137-881E-DDA5F3D01484}
	EndProjectSection
EndProject
Global
	GlobalSection(SolutionConfigurationPlatforms) = preSolution
		Debug|Any CPU = Debug|Any CPU
		Release|Any CPU = Release|Any CPU
	EndGlobalSection
	GlobalSection(ProjectConfigurationPlatforms) = postSolution
		{777EEB00-82F1-4137-881E-DDA5F3D01484}.Debug|Any CPU.ActiveCfg = Debug|Any CPU
		{777EEB00-82F1-4137-881E-DDA5F3D01484}.Debug|Any CPU.Build.0 = Debug|Any CPU
		{777EEB00-82F1-4137-881E-DDA5F3D01484}.Release|Any CPU.ActiveCfg = Release|Any CPU
		{777EEB00-82F1-4137-881E-DDA5F3D01484}.Release|Any CPU.Build.0 = Release|Any CPU
		{DD53BDA0-D0BD-4421-A374-689B1B3518ED}.Debug|Any CPU.ActiveCfg = Debug|Any CPU
		{DD53BDA0-D0BD-4421-A374-689B1B3518ED}.Debug|Any CPU.Build.0 = Debug|Any CPU
		{DD53BDA0-D0BD-4421-A374-689B1B3518ED}.Release|Any CPU.ActiveCfg = Release|Any CPU
		{DD53BDA0-D0BD-4421-A374-689B1B3518ED}.Release|Any CPU.Build.0 = Release|Any CPU
		{F1C4A634-A0DF-4937-B5C8-EE63DEB7BDD0}.Debug|Any CPU.ActiveCfg = Debug|Any CPU
		{F1C4A634-A0DF-4937-B5C8-EE63DEB7BDD0}.Debug|Any CPU.Build.0 = Debug|Any CPU
		{F1C4A634-A0DF-4937-B5C8-EE63DEB7BDD0}.Release|Any CPU.ActiveCfg = Release|Any CPU
		{F1C4A634-A0DF-4937-B5C8-EE63DEB7BDD0}.Release|Any CPU.Build.0 = Release|Any CPU
	EndGlobalSection
	GlobalSection(SolutionProperties) = preSolution
		HideSolutionNode = FALSE
	EndGlobalSection
	GlobalSection(ExtensibilityGlobals) = postSolution
		SolutionGuid = {FF1E3C4A-1AA1-4117-9F49-8331CDC36819}
	EndGlobalSection
EndGlobal
